
Microsoft Visual Studio Solution File, Format Version 12.00
# Visual Studio Version 17
VisualStudioVersion = 17.1.32319.34
MinimumVisualStudioVersion = 10.0.40219.1
Project("{9A19103F-16F7-4668-BE54-9A1E7A4F7556}") = "Adaca.Test.Application", "Adaca.Test.Application\Adaca.Test.Application.csproj", "{A8F4539E-A411-4D09-8D06-5B50DF1DAA0D}"
EndProject
Project("{FAE04EC0-301F-11D3-BF4B-00C04F79EFBC}") = "Adaca.Test.Domain", "Adaca.Test.Domain\Adaca.Test.Domain.csproj", "{42C9AEC5-C02E-4E67-A7A8-2BA099E28F15}"
EndProject
Global
	GlobalSection(SolutionConfigurationPlatforms) = preSolution
		Debug|Any CPU = Debug|Any CPU
		Release|Any CPU = Release|Any CPU
	EndGlobalSection
	GlobalSection(ProjectConfigurationPlatforms) = postSolution
		{A8F4539E-A411-4D09-8D06-5B50DF1DAA0D}.Debug|Any CPU.ActiveCfg = Debug|Any CPU
		{A8F4539E-A411-4D09-8D06-5B50DF1DAA0D}.Debug|Any CPU.Build.0 = Debug|Any CPU
		{A8F4539E-A411-4D09-8D06-5B50DF1DAA0D}.Release|Any CPU.ActiveCfg = Release|Any CPU
		{A8F4539E-A411-4D09-8D06-5B50DF1DAA0D}.Release|Any CPU.Build.0 = Release|Any CPU
		{42C9AEC5-C02E-4E67-A7A8-2BA099E28F15}.Debug|Any CPU.ActiveCfg = Debug|Any CPU
		{42C9AEC5-C02E-4E67-A7A8-2BA099E28F15}.Debug|Any CPU.Build.0 = Debug|Any CPU
		{42C9AEC5-C02E-4E67-A7A8-2BA099E28F15}.Release|Any CPU.ActiveCfg = Release|Any CPU
		{42C9AEC5-C02E-4E67-A7A8-2BA099E28F15}.Release|Any CPU.Build.0 = Release|Any CPU
	EndGlobalSection
	GlobalSection(SolutionProperties) = preSolution
		HideSolutionNode = FALSE
	EndGlobalSection
	GlobalSection(ExtensibilityGlobals) = postSolution
		SolutionGuid = {52CEBA46-05B1-4142-A800-F49D9859CA90}
	EndGlobalSection
EndGlobal
